{
  "name": "eslint-config-aco-angular",
  "version": "0.4.0",
  "lockfileVersion": 1,
  "dependencies": {
    "eslint-config-angular": {
      "version": "https://registry.npmjs.org/eslint-config-angular/-/eslint-config-angular-0.5.0.tgz",
      "integrity": "sha1-4KrgEy4550Z98/dUf+yBpE02hcQ="
    },
    "eslint-plugin-angular": {
      "version": "https://registry.npmjs.org/eslint-plugin-angular/-/eslint-plugin-angular-2.3.0.tgz",
      "integrity": "sha1-kUGR/ZQ0XTroC/vHwOPdXeZ6oiM="
    },
    "eslint-plugin-filenames": {
      "version": "https://registry.npmjs.org/eslint-plugin-filenames/-/eslint-plugin-filenames-1.2.0.tgz",
      "integrity": "sha1-runByQGJyV0uSZAsFg7O7+zZn1M="
    },
    "lodash.camelcase": {
      "version": "https://registry.npmjs.org/lodash.camelcase/-/lodash.camelcase-4.3.0.tgz",
      "integrity": "sha1-soqmKIorn8ZRA1x3EfZathkDMaY="
    },
    "lodash.kebabcase": {
      "version": "https://registry.npmjs.org/lodash.kebabcase/-/lodash.kebabcase-4.1.1.tgz",
      "integrity": "sha1-hImxyw0p/4gZXM7KRI/21swpXDY="
    },
    "lodash.snakecase": {
      "version": "https://registry.npmjs.org/lodash.snakecase/-/lodash.snakecase-4.1.1.tgz",
      "integrity": "sha1-OdcUo1NXFHg3rv1ktdy7Fr7Nj40="
    },
    "lodash.upperfirst": {
      "version": "https://registry.npmjs.org/lodash.upperfirst/-/lodash.upperfirst-4.3.1.tgz",
      "integrity": "sha1-E2Xt9DFIBIHvDRxolXpe2Z1J984="
    }
  }
}
